{
  "version": 4,
  "terraform_version": "1.1.5",
  "serial": 11,
  "lineage": "ad7d7961-9df8-003e-66e9-d1691d9c5ae6",
  "outputs": {},
  "resources": [
    {
      "mode": "managed",
      "type": "google_compute_network",
      "name": "vpc_net_petproj",
      "provider": "provider[\"registry.terraform.io/hashicorp/google\"]",
      "instances": [
        {
          "schema_version": 0,
          "attributes": {
            "auto_create_subnetworks": false,
            "delete_default_routes_on_create": false,
            "description": "",
            "gateway_ipv4": "",
            "id": "projects/thri-petproject/global/networks/pet-vpc",
            "mtu": 0,
            "name": "pet-vpc",
            "project": "thri-petproject",
            "routing_mode": "REGIONAL",
            "self_link": "https://www.googleapis.com/compute/v1/projects/thri-petproject/global/networks/pet-vpc",
            "timeouts": null
          },
          "sensitive_attributes": [],
          "private": "eyJlMmJmYjczMC1lY2FhLTExZTYtOGY4OC0zNDM2M2JjN2M0YzAiOnsiY3JlYXRlIjoxMjAwMDAwMDAwMDAwLCJkZWxldGUiOjEyMDAwMDAwMDAwMDAsInVwZGF0ZSI6MTIwMDAwMDAwMDAwMH19"
        }
      ]
    },
    {
      "mode": "managed",
      "type": "google_compute_subnetwork",
      "name": "vpc_subnet_pet",
      "provider": "provider[\"registry.terraform.io/hashicorp/google\"]",
      "instances": [
        {
          "schema_version": 0,
          "attributes": {
            "creation_timestamp": "2022-02-16T07:39:37.331-08:00",
            "description": "",
            "external_ipv6_prefix": "",
            "fingerprint": null,
            "gateway_address": "192.168.0.1",
            "id": "projects/thri-petproject/regions/europe-west1/subnetworks/sub-pet-vpc",
            "ip_cidr_range": "192.168.0.0/20",
            "ipv6_access_type": "",
            "ipv6_cidr_range": "",
            "log_config": [],
            "name": "sub-pet-vpc",
            "network": "https://www.googleapis.com/compute/v1/projects/thri-petproject/global/networks/pet-vpc",
            "private_ip_google_access": false,
            "private_ipv6_google_access": "DISABLE_GOOGLE_ACCESS",
            "project": "thri-petproject",
            "purpose": "PRIVATE",
            "region": "europe-west1",
            "role": "",
            "secondary_ip_range": [
              {
                "ip_cidr_range": "10.4.0.0/14",
                "range_name": "subnetpetpod"
              },
              {
                "ip_cidr_range": "10.0.32.0/20",
                "range_name": "public-services-petproj"
              }
            ],
            "self_link": "https://www.googleapis.com/compute/v1/projects/thri-petproject/regions/europe-west1/subnetworks/sub-pet-vpc",
            "stack_type": "IPV4_ONLY",
            "timeouts": null
          },
          "sensitive_attributes": [],
          "private": "eyJlMmJmYjczMC1lY2FhLTExZTYtOGY4OC0zNDM2M2JjN2M0YzAiOnsiY3JlYXRlIjoxMjAwMDAwMDAwMDAwLCJkZWxldGUiOjEyMDAwMDAwMDAwMDAsInVwZGF0ZSI6MTIwMDAwMDAwMDAwMH19",
          "dependencies": [
            "google_compute_network.vpc_net_petproj"
          ]
        }
      ]
    },
    {
      "mode": "managed",
      "type": "google_container_cluster",
      "name": "clusterset",
      "provider": "provider[\"registry.terraform.io/hashicorp/google\"]",
      "instances": [
        {
          "schema_version": 1,
          "attributes": {
            "addons_config": [
              {
                "cloudrun_config": [],
                "gcp_filestore_csi_driver_config": [],
                "horizontal_pod_autoscaling": [],
                "http_load_balancing": [],
                "network_policy_config": [
                  {
                    "disabled": true
                  }
                ]
              }
            ],
            "authenticator_groups_config": [],
            "cluster_autoscaling": [
              {
                "auto_provisioning_defaults": [],
                "enabled": false,
                "resource_limits": []
              }
            ],
            "cluster_ipv4_cidr": "10.4.0.0/14",
            "confidential_nodes": [],
            "database_encryption": [
              {
                "key_name": "",
                "state": "DECRYPTED"
              }
            ],
            "datapath_provider": "",
            "default_max_pods_per_node": 110,
            "default_snat_status": [
              {
                "disabled": false
              }
            ],
            "description": "",
            "dns_config": [],
            "enable_autopilot": false,
            "enable_binary_authorization": false,
            "enable_intranode_visibility": false,
            "enable_kubernetes_alpha": false,
            "enable_legacy_abac": false,
            "enable_shielded_nodes": true,
            "enable_tpu": false,
            "endpoint": "82.38.176.210",
            "id": "projects/thri-petproject/locations/europe-west1/clusters/cluster-pet",
            "initial_node_count": 1,
            "ip_allocation_policy": [
              {
                "cluster_ipv4_cidr_block": "10.4.0.0/14",
                "cluster_secondary_range_name": "subnetpetpod",
                "services_ipv4_cidr_block": "10.0.32.0/20",
                "services_secondary_range_name": "public-services-petproj"
              }
            ],
            "label_fingerprint": "a9dc16a7",
            "location": "europe-west1",
            "logging_config": [
              {
                "enable_components": [
                  "SYSTEM_COMPONENTS",
                  "WORKLOADS"
                ]
              }
            ],
            "logging_service": "logging.googleapis.com/kubernetes",
            "maintenance_policy": [],
            "master_auth": [
              {
                "client_certificate": "",
                "client_certificate_config": [
                  {
                    "issue_client_certificate": false
                  }
                ],
                "client_key": "",
                "cluster_ca_certificate": "LS0tLS1CRUdJTiBDRVJUSUZJQ0FURS0tLS0tCk1JSUVMVENDQXBXZ0F3SUJBZ0lSQUk0bHo3b3JPZ0cySXZUTVkyWUNZNll3RFFZSktvWklodmNOQVFFTEJRQXcKTHpFdE1Dc0dBMVVFQXhNa09XSTVOVEUxWXpZdFl6RTFNQzAwWm1NMUxXRXhOVGN0WkdJNE5EQmtOVEk0TVdJMApNQ0FYRFRJeU1ESXhOakUwTkRZME5Wb1lEekl3TlRJd01qQTVNVFUwTmpRMVdqQXZNUzB3S3dZRFZRUURFeVE1CllqazFNVFZqTmkxak1UVXdMVFJtWXpVdFlURTFOeTFrWWpnME1HUTFNamd4WWpRd2dnR2lNQTBHQ1NxR1NJYjMKRFFFQkFRVUFBNElCandBd2dnR0tBb0lCZ1FDcTB1Q254d0xXT3UraWh5Z2VZai9hZ0lrelBIS1V5RnpZSjVRcgpyN2ZoMjB6MHVCQmlBQ1JLS0NUV3RseDN1Vmc1cUhncXBFL3hTT3RiWXd6WFpPd1VFQ0U5S1ZZZjJZNkdXOXVuCmdrdk1Bc25sRHVOb0lmR3lLSlpqVDBRdEU4dGx3WSsrN0FlSW02ejd2M0pHVnVqZWVWeTFKUVRWZmNLb1YvUVYKdUpuMnRDUHRyMDVOWCtVWTRDYmpNclFIN1RsajBLVERhemNLWU5WNWhIaVZIeDNOY3RWRHB0dGU5dGphM1FzagpySTdnbXNhY0Q2QVFvb0pRVVVtaEhYNXRaZG01QlgzcVZRaHQ4M1FuNUQxK1hNajF1Y2xSMGZRbmsrcDYvbHdIClRNV0p6QzFCSFJnd1pWNFp1QmdVbEdFeGVuNmRSZEVzd00xUFJPSmpXdkxQYzkrZVNRaXMxS0pjUVhCTkZlczQKVWt1US9CVDlRbzBRNnVmWmcwVk5Xb0tsU2Z6aWo2ejJnQVhGb0I0Rm9wTitudEI4UEJJQkVGQnFXUVdPR0xLZQpvbVUrbDJsb2FXWGRTakMzY29qVnBCSXRiSDh2SFRtUzZTYXBVWjFtY04wRHJrbi9TdFBTWDhDZkNEZEd5QTFlClJpM1paRlQybjVDMlpJdWJzL1F6YlU4bUR5MENBd0VBQWFOQ01FQXdEZ1lEVlIwUEFRSC9CQVFEQWdJRU1BOEcKQTFVZEV3RUIvd1FGTUFNQkFmOHdIUVlEVlIwT0JCWUVGQXhWenBkUVhwWEcrajNRanVCK0k0YnlOZnUwTUEwRwpDU3FHU0liM0RRRUJDd1VBQTRJQmdRQ0FrcTJrSkFmVlRVSEFJOVJYVWp6ODRWaEw1Z3lvWnpWUUhNNUxpOGJlCk83S2xhT0ZtRDJzNE0yZytENWJnR3FxeDlwYUVMQ0VHY2Z6RWt6bktrUmFXbmdFWmVmSmNKa0NTWEtaZWd5d0YKbDNLQmRoTDBaUSs1bjRQNDF3Y2pEQ1M3d2R1SGMvd2RwY0lSLzZWejdWcHhLQm1sajVVdkhFM3FYb0Q1RUxSMgpuUWE5TjlUQ1YzSzErNlJvN2pjdDk4SnVyNlg5MFNSOUJhV0Erem9OaGFGVXIwbWRoQjZQZUJSNlBzS1dlYUtLClNCWmo0UVp0OTNCc1JwaFJjTVQyQlZ6WGNMT2hUaG1pWmdHN2Y3TTV4ZDBKNEdGbGc3QlZVY0J3SGlZeDY2OTAKZXhib2VwM0czTkt3WkUrekR5eHU2OWhQd0wvV2ZXZkxxME1uQWN5RWFwaVFVdmxVUkRzYW8rMFFva21UeTJFcgpwTEpVQTBJeTVGa20yNmQvSGhGTDRuelVHVzk2MFJtTG4weWlzS1kwNlVEcU9xdWptQzZNYklPWXl5aThMR2hjCmZheTRnT01vYzBKNHkwSUtld2U1MjMrN3hxeUR1M05hN25yL0d5V2Y5UEMwKzNidVBXUFRUVU1Bc3hDaTN6b3YKeEExZklUaUV4eDM1UjFDc2ZqT1E1ZXc9Ci0tLS0tRU5EIENFUlRJRklDQVRFLS0tLS0K"
              }
            ],
            "master_authorized_networks_config": [
              {
                "cidr_blocks": null
              }
            ],
            "master_version": "1.21.6-gke.1500",
            "min_master_version": null,
            "monitoring_config": [
              {
                "enable_components": [
                  "SYSTEM_COMPONENTS"
                ]
              }
            ],
            "monitoring_service": "monitoring.googleapis.com/kubernetes",
            "name": "cluster-pet",
            "network": "projects/thri-petproject/global/networks/pet-vpc",
            "network_policy": [
              {
                "enabled": false,
                "provider": "PROVIDER_UNSPECIFIED"
              }
            ],
            "networking_mode": "VPC_NATIVE",
            "node_config": [],
            "node_locations": [
              "europe-west1-b",
              "europe-west1-c",
              "europe-west1-d"
            ],
            "node_pool": [],
            "node_version": "1.21.6-gke.1500",
            "operation": null,
            "private_cluster_config": [
              {
                "enable_private_endpoint": true,
                "enable_private_nodes": true,
                "master_global_access_config": [
                  {
                    "enabled": false
                  }
                ],
                "master_ipv4_cidr_block": "82.38.176.208/28",
                "peering_name": "gke-nbea5f1df3db522a91ac-fc55-0118-peer",
                "private_endpoint": "82.38.176.210",
                "public_endpoint": "34.76.21.101"
              }
            ],
            "private_ipv6_google_access": "",
            "project": "thri-petproject",
            "release_channel": [
              {
                "channel": "REGULAR"
              }
            ],
            "remove_default_node_pool": true,
            "resource_labels": null,
            "resource_usage_export_config": [],
            "self_link": "https://container.googleapis.com/v1/projects/thri-petproject/locations/europe-west1/clusters/cluster-pet",
            "services_ipv4_cidr": "10.0.32.0/20",
            "subnetwork": "projects/thri-petproject/regions/europe-west1/subnetworks/sub-pet-vpc",
            "timeouts": null,
            "tpu_ipv4_cidr_block": "",
            "vertical_pod_autoscaling": [],
            "workload_identity_config": []
          },
          "sensitive_attributes": [],
          "private": "eyJlMmJmYjczMC1lY2FhLTExZTYtOGY4OC0zNDM2M2JjN2M0YzAiOnsiY3JlYXRlIjoyNDAwMDAwMDAwMDAwLCJkZWxldGUiOjI0MDAwMDAwMDAwMDAsInJlYWQiOjI0MDAwMDAwMDAwMDAsInVwZGF0ZSI6MzYwMDAwMDAwMDAwMH0sInNjaGVtYV92ZXJzaW9uIjoiMSJ9",
          "dependencies": [
            "google_compute_network.vpc_net_petproj",
            "google_compute_subnetwork.vpc_subnet_pet"
          ]
        }
      ]
    },
    {
      "mode": "managed",
      "type": "google_container_node_pool",
      "name": "dummynode",
      "provider": "provider[\"registry.terraform.io/hashicorp/google\"]",
      "instances": [
        {
          "schema_version": 1,
          "attributes": {
            "autoscaling": [
              {
                "max_node_count": 3,
                "min_node_count": 1
              }
            ],
            "cluster": "cluster-pet",
            "id": "projects/thri-petproject/locations/europe-west1/clusters/cluster-pet/nodePools/dummynodeclus",
            "initial_node_count": 2,
            "instance_group_urls": [
              "https://www.googleapis.com/compute/v1/projects/thri-petproject/zones/europe-west1-c/instanceGroupManagers/gke-cluster-pet-dummynodeclus-22a00236-grp",
              "https://www.googleapis.com/compute/v1/projects/thri-petproject/zones/europe-west1-d/instanceGroupManagers/gke-cluster-pet-dummynodeclus-e5fd0761-grp",
              "https://www.googleapis.com/compute/v1/projects/thri-petproject/zones/europe-west1-b/instanceGroupManagers/gke-cluster-pet-dummynodeclus-eca910bb-grp"
            ],
            "location": "europe-west1",
            "managed_instance_group_urls": [
              "https://www.googleapis.com/compute/v1/projects/thri-petproject/zones/europe-west1-c/instanceGroups/gke-cluster-pet-dummynodeclus-22a00236-grp",
              "https://www.googleapis.com/compute/v1/projects/thri-petproject/zones/europe-west1-d/instanceGroups/gke-cluster-pet-dummynodeclus-e5fd0761-grp",
              "https://www.googleapis.com/compute/v1/projects/thri-petproject/zones/europe-west1-b/instanceGroups/gke-cluster-pet-dummynodeclus-eca910bb-grp"
            ],
            "management": [
              {
                "auto_repair": true,
                "auto_upgrade": true
              }
            ],
            "max_pods_per_node": 110,
            "name": "dummynodeclus",
            "name_prefix": "",
            "node_config": [
              {
                "boot_disk_kms_key": "",
                "disk_size_gb": 50,
                "disk_type": "pd-standard",
                "gcfs_config": [],
                "guest_accelerator": [],
                "image_type": "COS_CONTAINERD",
                "labels": {},
                "local_ssd_count": 0,
                "machine_type": "n1-standard-2",
                "metadata": {
                  "disable-legacy-endpoints": "true"
                },
                "min_cpu_platform": "",
                "node_group": "",
                "oauth_scopes": [
                  "https://www.googleapis.com/auth/compute",
                  "https://www.googleapis.com/auth/devstorage.read_write",
                  "https://www.googleapis.com/auth/logging.write",
                  "https://www.googleapis.com/auth/monitoring",
                  "https://www.googleapis.com/auth/service.management.readonly",
                  "https://www.googleapis.com/auth/servicecontrol",
                  "https://www.googleapis.com/auth/trace.append"
                ],
                "preemptible": true,
                "service_account": "default",
                "shielded_instance_config": [
                  {
                    "enable_integrity_monitoring": true,
                    "enable_secure_boot": false
                  }
                ],
                "tags": null,
                "taint": [],
                "workload_metadata_config": []
              }
            ],
            "node_count": 2,
            "node_locations": [
              "europe-west1-b",
              "europe-west1-c",
              "europe-west1-d"
            ],
            "operation": null,
            "project": "thri-petproject",
            "timeouts": null,
            "upgrade_settings": [
              {
                "max_surge": 1,
                "max_unavailable": 0
              }
            ],
            "version": "1.21.6-gke.1500"
          },
          "sensitive_attributes": [],
          "private": "eyJlMmJmYjczMC1lY2FhLTExZTYtOGY4OC0zNDM2M2JjN2M0YzAiOnsiY3JlYXRlIjoxODAwMDAwMDAwMDAwLCJkZWxldGUiOjE4MDAwMDAwMDAwMDAsInVwZGF0ZSI6MTgwMDAwMDAwMDAwMH0sInNjaGVtYV92ZXJzaW9uIjoiMSJ9",
          "dependencies": [
            "google_compute_network.vpc_net_petproj",
            "google_compute_subnetwork.vpc_subnet_pet",
            "google_container_cluster.clusterset"
          ]
        }
      ]
    }
  ]
}
