{
  "version": 4,
  "terraform_version": "1.1.5",
  "serial": 8,
  "lineage": "ad7d7961-9df8-003e-66e9-d1691d9c5ae6",
  "outputs": {},
  "resources": [
    {
      "mode": "managed",
      "type": "google_compute_network",
      "name": "vpc_net_petproj",
      "provider": "provider[\"registry.terraform.io/hashicorp/google\"]",
      "instances": [
        {
          "schema_version": 0,
          "attributes": {
            "auto_create_subnetworks": false,
            "delete_default_routes_on_create": false,
            "description": "",
            "gateway_ipv4": "",
            "id": "projects/thri-petproject/global/networks/pet-vpc",
            "mtu": 0,
            "name": "pet-vpc",
            "project": "thri-petproject",
            "routing_mode": "REGIONAL",
            "self_link": "https://www.googleapis.com/compute/v1/projects/thri-petproject/global/networks/pet-vpc",
            "timeouts": null
          },
          "sensitive_attributes": [],
          "private": "eyJlMmJmYjczMC1lY2FhLTExZTYtOGY4OC0zNDM2M2JjN2M0YzAiOnsiY3JlYXRlIjoxMjAwMDAwMDAwMDAwLCJkZWxldGUiOjEyMDAwMDAwMDAwMDAsInVwZGF0ZSI6MTIwMDAwMDAwMDAwMH19"
        }
      ]
    },
    {
      "mode": "managed",
      "type": "google_compute_subnetwork",
      "name": "vpc_subnet_pet",
      "provider": "provider[\"registry.terraform.io/hashicorp/google\"]",
      "instances": [
        {
          "schema_version": 0,
          "attributes": {
            "creation_timestamp": "2022-02-16T07:39:37.331-08:00",
            "description": "",
            "external_ipv6_prefix": "",
            "fingerprint": null,
            "gateway_address": "192.168.0.1",
            "id": "projects/thri-petproject/regions/europe-west1/subnetworks/sub-pet-vpc",
            "ip_cidr_range": "192.168.0.0/20",
            "ipv6_access_type": "",
            "ipv6_cidr_range": "",
            "log_config": [],
            "name": "sub-pet-vpc",
            "network": "https://www.googleapis.com/compute/v1/projects/thri-petproject/global/networks/pet-vpc",
            "private_ip_google_access": false,
            "private_ipv6_google_access": "DISABLE_GOOGLE_ACCESS",
            "project": "thri-petproject",
            "purpose": "PRIVATE",
            "region": "europe-west1",
            "role": "",
            "secondary_ip_range": [
              {
                "ip_cidr_range": "10.4.0.0/14",
                "range_name": "subnetpetpod"
              },
              {
                "ip_cidr_range": "10.0.32.0/20",
                "range_name": "public-services-petproj"
              }
            ],
            "self_link": "https://www.googleapis.com/compute/v1/projects/thri-petproject/regions/europe-west1/subnetworks/sub-pet-vpc",
            "stack_type": "IPV4_ONLY",
            "timeouts": null
          },
          "sensitive_attributes": [],
          "private": "eyJlMmJmYjczMC1lY2FhLTExZTYtOGY4OC0zNDM2M2JjN2M0YzAiOnsiY3JlYXRlIjoxMjAwMDAwMDAwMDAwLCJkZWxldGUiOjEyMDAwMDAwMDAwMDAsInVwZGF0ZSI6MTIwMDAwMDAwMDAwMH19",
          "dependencies": [
            "google_compute_network.vpc_net_petproj"
          ]
        }
      ]
    },
    {
      "mode": "managed",
      "type": "google_container_node_pool",
      "name": "dummynode",
      "provider": "provider[\"registry.terraform.io/hashicorp/google\"]",
      "instances": []
    }
  ]
}
